# THIS IS AN AUTOGENERATED FILE. DO NOT EDIT THIS FILE DIRECTLY.
# yarn lockfile v1


"@types/lru-cache@^4.1.1":
  version "4.1.2"
  resolved "https://registry.yarnpkg.com/@types/lru-cache/-/lru-cache-4.1.2.tgz#528ba392658055dba78fc3be906ca338a1a2d1c5"
  integrity sha512-ve2IoUJClE+4S/sG2zoLGEHP6DCvqgyz7UkHZdiICdQaAYRaCXsRWfJlbL8B0KvUyo9lgzD+oR0YSy4YikFyFQ==

axios-extensions@^3.0.6:
  version "3.0.6"
  resolved "https://registry.yarnpkg.com/axios-extensions/-/axios-extensions-3.0.6.tgz#c817f2e6a44a1b05949f8fd20bf978f066e694da"
  integrity sha512-a8Aj5reFpVeMmIaJMYwTXtW/5WSGBq8KFAaBOxokkPK/Hvi/hnqNeHfMSvPQqxWPCE4r1pTe/3z7FqGLy1D6CQ==
  dependencies:
    "@types/lru-cache" "^4.1.1"
    lru-cache "^4.1.5"
    tslib "^1.9.0"
    util "^0.11.1"

inherits@2.0.3:
  version "2.0.3"
  resolved "https://registry.yarnpkg.com/inherits/-/inherits-2.0.3.tgz#633c2c83e3da42a502f52466022480f4208261de"
  integrity sha1-Yzwsg+PaQqUC9SRmAiSA9CCCYd4=

lru-cache@^4.1.5:
  version "4.1.5"
  resolved "https://registry.yarnpkg.com/lru-cache/-/lru-cache-4.1.5.tgz#8bbe50ea85bed59bc9e33dcab8235ee9bcf443cd"
  integrity sha512-sWZlbEP2OsHNkXrMl5GYk/jKk70MBng6UU4YI/qGDYbgf6YbP4EvmqISbXCoJiRKs+1bSpFHVgQxvJ17F2li5g==
  dependencies:
    pseudomap "^1.0.2"
    yallist "^2.1.2"

pseudomap@^1.0.2:
  version "1.0.2"
  resolved "https://registry.yarnpkg.com/pseudomap/-/pseudomap-1.0.2.tgz#f052a28da70e618917ef0a8ac34c1ae5a68286b3"
  integrity sha1-8FKijacOYYkX7wqKw0wa5aaChrM=

tslib@^1.9.0:
  version "1.10.0"
  resolved "https://registry.yarnpkg.com/tslib/-/tslib-1.10.0.tgz#c3c19f95973fb0a62973fb09d90d961ee43e5c8a"
  integrity sha512-qOebF53frne81cf0S9B41ByenJ3/IuH8yJKngAX35CmiZySA0khhkovshKK+jGCaMnVomla7gVlIcc3EvKPbTQ==

util@^0.11.1:
  version "0.11.1"
  resolved "https://registry.yarnpkg.com/util/-/util-0.11.1.tgz#3236733720ec64bb27f6e26f421aaa2e1b588d61"
  integrity sha512-HShAsny+zS2TZfaXxD9tYj4HQGlBezXZMZuM/S5PKLLoZkShZiGk9o5CzukI1LVHZvjdvZ2Sj1aW/Ndn2NB/HQ==
  dependencies:
    inherits "2.0.3"

yallist@^2.1.2:
  version "2.1.2"
  resolved "https://registry.yarnpkg.com/yallist/-/yallist-2.1.2.tgz#1c11f9218f076089a47dd512f93c6699a6a81d52"
  integrity sha1-HBH5IY8HYImkfdUS+TxmmaaoHVI=
